
Microsoft Visual Studio Solution File, Format Version 12.00
# Visual Studio Version 16
VisualStudioVersion = 16.0.30621.155
MinimumVisualStudioVersion = 10.0.40219.1
Project("{FAE04EC0-301F-11D3-BF4B-00C04F79EFBC}") = "WorkingWithHTML", "WorkingWithHTML\WorkingWithHTML.csproj", "{00F9AD3C-A3EA-4451-B3B0-DE770DD4EC22}"
EndProject
Project("{FAE04EC0-301F-11D3-BF4B-00C04F79EFBC}") = "UnderstandingCSS", "UnderstandingCSS\UnderstandingCSS.csproj", "{D8278D72-1BBD-468F-9B76-F333B1429DF0}"
EndProject
Project("{FAE04EC0-301F-11D3-BF4B-00C04F79EFBC}") = "UnderstandingJavaScript", "UnderstandingJavaScript\UnderstandingJavaScript.csproj", "{DC5BAAAA-13E2-408C-BDC4-6A47FE66A5F2}"
EndProject
Project("{FAE04EC0-301F-11D3-BF4B-00C04F79EFBC}") = "PageEvents", "PageEvents\PageEvents.csproj", "{6C43BA85-85F4-4AAC-B332-4819E9D1CDF0}"
EndProject
Project("{FAE04EC0-301F-11D3-BF4B-00C04F79EFBC}") = "UsingSessionState", "UsingSessionState\UsingSessionState.csproj", "{2FFAE23B-C1C3-4C86-81AC-98C06FFA69CF}"
EndProject
Project("{FAE04EC0-301F-11D3-BF4B-00C04F79EFBC}") = "TextWebService", "TextWebService\TextWebService.csproj", "{7ED2825F-13D9-4878-9DFB-228E5DFE8155}"
EndProject
Project("{FAE04EC0-301F-11D3-BF4B-00C04F79EFBC}") = "TextWebServiceClient", "TextWebServiceClient\TextWebServiceClient.csproj", "{93E7BA39-6149-48E2-84DD-7C6D5A46EC37}"
EndProject
Global
	GlobalSection(SolutionConfigurationPlatforms) = preSolution
		Debug|Any CPU = Debug|Any CPU
		Release|Any CPU = Release|Any CPU
	EndGlobalSection
	GlobalSection(ProjectConfigurationPlatforms) = postSolution
		{00F9AD3C-A3EA-4451-B3B0-DE770DD4EC22}.Debug|Any CPU.ActiveCfg = Debug|Any CPU
		{00F9AD3C-A3EA-4451-B3B0-DE770DD4EC22}.Debug|Any CPU.Build.0 = Debug|Any CPU
		{00F9AD3C-A3EA-4451-B3B0-DE770DD4EC22}.Release|Any CPU.ActiveCfg = Release|Any CPU
		{00F9AD3C-A3EA-4451-B3B0-DE770DD4EC22}.Release|Any CPU.Build.0 = Release|Any CPU
		{D8278D72-1BBD-468F-9B76-F333B1429DF0}.Debug|Any CPU.ActiveCfg = Debug|Any CPU
		{D8278D72-1BBD-468F-9B76-F333B1429DF0}.Debug|Any CPU.Build.0 = Debug|Any CPU
		{D8278D72-1BBD-468F-9B76-F333B1429DF0}.Release|Any CPU.ActiveCfg = Release|Any CPU
		{D8278D72-1BBD-468F-9B76-F333B1429DF0}.Release|Any CPU.Build.0 = Release|Any CPU
		{DC5BAAAA-13E2-408C-BDC4-6A47FE66A5F2}.Debug|Any CPU.ActiveCfg = Debug|Any CPU
		{DC5BAAAA-13E2-408C-BDC4-6A47FE66A5F2}.Debug|Any CPU.Build.0 = Debug|Any CPU
		{DC5BAAAA-13E2-408C-BDC4-6A47FE66A5F2}.Release|Any CPU.ActiveCfg = Release|Any CPU
		{DC5BAAAA-13E2-408C-BDC4-6A47FE66A5F2}.Release|Any CPU.Build.0 = Release|Any CPU
		{6C43BA85-85F4-4AAC-B332-4819E9D1CDF0}.Debug|Any CPU.ActiveCfg = Debug|Any CPU
		{6C43BA85-85F4-4AAC-B332-4819E9D1CDF0}.Debug|Any CPU.Build.0 = Debug|Any CPU
		{6C43BA85-85F4-4AAC-B332-4819E9D1CDF0}.Release|Any CPU.ActiveCfg = Release|Any CPU
		{6C43BA85-85F4-4AAC-B332-4819E9D1CDF0}.Release|Any CPU.Build.0 = Release|Any CPU
		{2FFAE23B-C1C3-4C86-81AC-98C06FFA69CF}.Debug|Any CPU.ActiveCfg = Debug|Any CPU
		{2FFAE23B-C1C3-4C86-81AC-98C06FFA69CF}.Debug|Any CPU.Build.0 = Debug|Any CPU
		{2FFAE23B-C1C3-4C86-81AC-98C06FFA69CF}.Release|Any CPU.ActiveCfg = Release|Any CPU
		{2FFAE23B-C1C3-4C86-81AC-98C06FFA69CF}.Release|Any CPU.Build.0 = Release|Any CPU
		{7ED2825F-13D9-4878-9DFB-228E5DFE8155}.Debug|Any CPU.ActiveCfg = Debug|Any CPU
		{7ED2825F-13D9-4878-9DFB-228E5DFE8155}.Debug|Any CPU.Build.0 = Debug|Any CPU
		{7ED2825F-13D9-4878-9DFB-228E5DFE8155}.Release|Any CPU.ActiveCfg = Release|Any CPU
		{7ED2825F-13D9-4878-9DFB-228E5DFE8155}.Release|Any CPU.Build.0 = Release|Any CPU
		{93E7BA39-6149-48E2-84DD-7C6D5A46EC37}.Debug|Any CPU.ActiveCfg = Debug|Any CPU
		{93E7BA39-6149-48E2-84DD-7C6D5A46EC37}.Debug|Any CPU.Build.0 = Debug|Any CPU
		{93E7BA39-6149-48E2-84DD-7C6D5A46EC37}.Release|Any CPU.ActiveCfg = Release|Any CPU
		{93E7BA39-6149-48E2-84DD-7C6D5A46EC37}.Release|Any CPU.Build.0 = Release|Any CPU
	EndGlobalSection
	GlobalSection(SolutionProperties) = preSolution
		HideSolutionNode = FALSE
	EndGlobalSection
	GlobalSection(ExtensibilityGlobals) = postSolution
		SolutionGuid = {42B10A84-B7BB-4A43-ADE1-41E8212A0EA4}
	EndGlobalSection
EndGlobal
